PODS:
  - Flutter (2.0.0)
  - flutter_freshchat (0.0.5):
    - Flutter
    - FreshchatSDK
  - FreshchatSDK (4.1.5)
  - path_provider (0.0.1):
    - Flutter

DEPENDENCIES:
  - flutter_freshchat (from `.symlinks/plugins/flutter_freshchat/ios`)
  - path_provider (from `.symlinks/plugins/path_provider/ios`)

SPEC REPOS:
  trunk:
    - Flutter
    - FreshchatSDK

EXTERNAL SOURCES:
  flutter_freshchat:
    :path: ".symlinks/plugins/flutter_freshchat/ios"
  path_provider:
    :path: ".symlinks/plugins/path_provider/ios"

SPEC CHECKSUMS:
  Flutter: 1c17b7bc8cd10f9f85f9dbc56caee3074756daad
  flutter_freshchat: fb0f843fcb3c6b213e07ba88359ffd12d23702df
  FreshchatSDK: 1adb29663cd1b31720173783110e24af793c373e
  path_provider: f96fff6166a8867510d2c25fdcc346327cc4b259

PODFILE CHECKSUM: d231b65d6bea6d24555f84ca7901720538b5791f

COCOAPODS: 1.10.1
